// !$*UTF8*$!
{
	archiveVersion = 1;
	classes = {
	};
	objectVersion = 56;
	objects = {

/* Begin PBXBuildFile section */
		DB2F62F42927F80A00D0BFFD /* BlueButtonSmaller.swift in Sources */ = {isa = PBXBuildFile; fileRef = DB2F62F32927F80A00D0BFFD /* BlueButtonSmaller.swift */; };
		DB2F62F72927F8F700D0BFFD /* CreateNewPasswordView.swift in Sources */ = {isa = PBXBuildFile; fileRef = DB2F62F62927F8F700D0BFFD /* CreateNewPasswordView.swift */; };
		DB2F6303292962AB00D0BFFD /* CustomTextField.swift in Sources */ = {isa = PBXBuildFile; fileRef = DB2F6302292962AB00D0BFFD /* CustomTextField.swift */; };
		DB2F63052929635E00D0BFFD /* OTPTextField.swift in Sources */ = {isa = PBXBuildFile; fileRef = DB2F63042929635E00D0BFFD /* OTPTextField.swift */; };
		DB2F6308292B5C6500D0BFFD /* HomeView.swift in Sources */ = {isa = PBXBuildFile; fileRef = DB2F6307292B5C6500D0BFFD /* HomeView.swift */; };
		DB2F6311292B60AB00D0BFFD /* MainTabView.swift in Sources */ = {isa = PBXBuildFile; fileRef = DB2F6310292B60AB00D0BFFD /* MainTabView.swift */; };
		DB2F6315292B61D900D0BFFD /* MainMeditationView.swift in Sources */ = {isa = PBXBuildFile; fileRef = DB2F6314292B61D900D0BFFD /* MainMeditationView.swift */; };
		DB2F6317292B61E800D0BFFD /* ProfileView.swift in Sources */ = {isa = PBXBuildFile; fileRef = DB2F6316292B61E800D0BFFD /* ProfileView.swift */; };
		DB2F6324292B7BBD00D0BFFD /* FocusAndProductivityButtons.swift in Sources */ = {isa = PBXBuildFile; fileRef = DB2F6323292B7BBD00D0BFFD /* FocusAndProductivityButtons.swift */; };
		DB2F6326292B7BD800D0BFFD /* SuperHumanMeditationButtons.swift in Sources */ = {isa = PBXBuildFile; fileRef = DB2F6325292B7BD800D0BFFD /* SuperHumanMeditationButtons.swift */; };
		DB2F6328292B80B500D0BFFD /* SoundsOfNatureButtons.swift in Sources */ = {isa = PBXBuildFile; fileRef = DB2F6327292B80B500D0BFFD /* SoundsOfNatureButtons.swift */; };
		DB2F632D292BA0EA00D0BFFD /* BreathingStatsView.swift in Sources */ = {isa = PBXBuildFile; fileRef = DB2F632C292BA0EA00D0BFFD /* BreathingStatsView.swift */; };
		DB2F6335292BDC7300D0BFFD /* FirebaseAuth in Frameworks */ = {isa = PBXBuildFile; productRef = DB2F6334292BDC7300D0BFFD /* FirebaseAuth */; };
		DB2F6337292BDC7300D0BFFD /* FirebaseFirestore in Frameworks */ = {isa = PBXBuildFile; productRef = DB2F6336292BDC7300D0BFFD /* FirebaseFirestore */; };
		DB2F6339292BDC7300D0BFFD /* FirebaseFirestoreSwift in Frameworks */ = {isa = PBXBuildFile; productRef = DB2F6338292BDC7300D0BFFD /* FirebaseFirestoreSwift */; };
		DB2F633B292BDC7300D0BFFD /* FirebaseStorage in Frameworks */ = {isa = PBXBuildFile; productRef = DB2F633A292BDC7300D0BFFD /* FirebaseStorage */; };
		DB2F633E292BE00C00D0BFFD /* AuthViewModel.swift in Sources */ = {isa = PBXBuildFile; fileRef = DB2F633D292BE00C00D0BFFD /* AuthViewModel.swift */; };
		DB2F6342292BF73200D0BFFD /* GoogleService-Info.plist in Resources */ = {isa = PBXBuildFile; fileRef = DB2F6341292BF73200D0BFFD /* GoogleService-Info.plist */; };
		DB2F6345292CB17B00D0BFFD /* UserService.swift in Sources */ = {isa = PBXBuildFile; fileRef = DB2F6344292CB17B00D0BFFD /* UserService.swift */; };
		DB2F6347292CB42900D0BFFD /* UserModel.swift in Sources */ = {isa = PBXBuildFile; fileRef = DB2F6346292CB42900D0BFFD /* UserModel.swift */; };
		DB2F634A292CCE6A00D0BFFD /* SplashScreenView.swift in Sources */ = {isa = PBXBuildFile; fileRef = DB2F6349292CCE6A00D0BFFD /* SplashScreenView.swift */; };
		DB2F634D292CD4C000D0BFFD /* LoadingView.swift in Sources */ = {isa = PBXBuildFile; fileRef = DB2F634C292CD4C000D0BFFD /* LoadingView.swift */; };
		DB2F6350292D006E00D0BFFD /* GoogleSignIn in Frameworks */ = {isa = PBXBuildFile; productRef = DB2F634F292D006E00D0BFFD /* GoogleSignIn */; };
		DB2F6352292D006E00D0BFFD /* GoogleSignInSwift in Frameworks */ = {isa = PBXBuildFile; productRef = DB2F6351292D006E00D0BFFD /* GoogleSignInSwift */; };
		DB2F6358292D113800D0BFFD /* OTPModel.swift in Sources */ = {isa = PBXBuildFile; fileRef = DB2F6357292D113800D0BFFD /* OTPModel.swift */; };
		DB2F635B292D12BF00D0BFFD /* ResetLinkSentView.swift in Sources */ = {isa = PBXBuildFile; fileRef = DB2F635A292D12BF00D0BFFD /* ResetLinkSentView.swift */; };
		DB2F635E292D5B8B00D0BFFD /* MeditationSettingsSheetView.swift in Sources */ = {isa = PBXBuildFile; fileRef = DB2F635D292D5B8B00D0BFFD /* MeditationSettingsSheetView.swift */; };
		DBD7449A2927A9220058225A /* AffidApp.swift in Sources */ = {isa = PBXBuildFile; fileRef = DBD744992927A9220058225A /* AffidApp.swift */; };
		DBD7449C2927A9220058225A /* ContentView.swift in Sources */ = {isa = PBXBuildFile; fileRef = DBD7449B2927A9220058225A /* ContentView.swift */; };
		DBD7449E2927A9240058225A /* Assets.xcassets in Resources */ = {isa = PBXBuildFile; fileRef = DBD7449D2927A9240058225A /* Assets.xcassets */; };
		DBD744A12927A9240058225A /* Preview Assets.xcassets in Resources */ = {isa = PBXBuildFile; fileRef = DBD744A02927A9240058225A /* Preview Assets.xcassets */; };
		DBD744A32927A9240058225A /* Persistence.swift in Sources */ = {isa = PBXBuildFile; fileRef = DBD744A22927A9240058225A /* Persistence.swift */; };
		DBD744A62927A9240058225A /* Affid.xcdatamodeld in Sources */ = {isa = PBXBuildFile; fileRef = DBD744A42927A9240058225A /* Affid.xcdatamodeld */; };
		DBD744B32927AB750058225A /* GetStartedView.swift in Sources */ = {isa = PBXBuildFile; fileRef = DBD744B22927AB750058225A /* GetStartedView.swift */; };
		DBD744B72927B0640058225A /* BlueButton.swift in Sources */ = {isa = PBXBuildFile; fileRef = DBD744B62927B0640058225A /* BlueButton.swift */; };
		DBD744B92927B73B0058225A /* LoginView.swift in Sources */ = {isa = PBXBuildFile; fileRef = DBD744B82927B73B0058225A /* LoginView.swift */; };
		DBD744BC2927B76E0058225A /* ColorData.swift in Sources */ = {isa = PBXBuildFile; fileRef = DBD744BB2927B76E0058225A /* ColorData.swift */; };
		DBD744C12927BC4B0058225A /* GoogleButton.swift in Sources */ = {isa = PBXBuildFile; fileRef = DBD744C02927BC4B0058225A /* GoogleButton.swift */; };
		DBD744C42927C0930058225A /* AppleButton.swift in Sources */ = {isa = PBXBuildFile; fileRef = DBD744C32927C0930058225A /* AppleButton.swift */; };
		DBD744C92927D2560058225A /* GetStartedCloudsView.swift in Sources */ = {isa = PBXBuildFile; fileRef = DBD744C82927D2560058225A /* GetStartedCloudsView.swift */; };
		DBD744D22927D3930058225A /* LoginExternalPlatformView.swift in Sources */ = {isa = PBXBuildFile; fileRef = DBD744D12927D3930058225A /* LoginExternalPlatformView.swift */; };
		DBD744D42927D3C30058225A /* LoginCloudsView.swift in Sources */ = {isa = PBXBuildFile; fileRef = DBD744D32927D3C30058225A /* LoginCloudsView.swift */; };
		DBD744D62927E7AE0058225A /* SignUpView.swift in Sources */ = {isa = PBXBuildFile; fileRef = DBD744D52927E7AD0058225A /* SignUpView.swift */; };
		DBD744D82927E8950058225A /* SignUpExternalPlatformView.swift in Sources */ = {isa = PBXBuildFile; fileRef = DBD744D72927E8950058225A /* SignUpExternalPlatformView.swift */; };
		DBD744DC2927E9C10058225A /* SignUpPrivacyPolicyRow.swift in Sources */ = {isa = PBXBuildFile; fileRef = DBD744DB2927E9C10058225A /* SignUpPrivacyPolicyRow.swift */; };
		DBD744DE2927EB4E0058225A /* GetStartedNavigationLinks.swift in Sources */ = {isa = PBXBuildFile; fileRef = DBD744DD2927EB4E0058225A /* GetStartedNavigationLinks.swift */; };
		DBD744E12927F1950058225A /* ResetPasswordView.swift in Sources */ = {isa = PBXBuildFile; fileRef = DBD744E02927F1950058225A /* ResetPasswordView.swift */; };
		DBD744E82927F4E00058225A /* OTPView.swift in Sources */ = {isa = PBXBuildFile; fileRef = DBD744E72927F4E00058225A /* OTPView.swift */; };
/* End PBXBuildFile section */

/* Begin PBXFileReference section */
		DB2F62F32927F80A00D0BFFD /* BlueButtonSmaller.swift */ = {isa = PBXFileReference; lastKnownFileType = sourcecode.swift; path = BlueButtonSmaller.swift; sourceTree = "<group>"; };
		DB2F62F62927F8F700D0BFFD /* CreateNewPasswordView.swift */ = {isa = PBXFileReference; lastKnownFileType = sourcecode.swift; path = CreateNewPasswordView.swift; sourceTree = "<group>"; };
		DB2F6302292962AB00D0BFFD /* CustomTextField.swift */ = {isa = PBXFileReference; lastKnownFileType = sourcecode.swift; path = CustomTextField.swift; sourceTree = "<group>"; };
		DB2F63042929635E00D0BFFD /* OTPTextField.swift */ = {isa = PBXFileReference; lastKnownFileType = sourcecode.swift; path = OTPTextField.swift; sourceTree = "<group>"; };
		DB2F6307292B5C6500D0BFFD /* HomeView.swift */ = {isa = PBXFileReference; lastKnownFileType = sourcecode.swift; path = HomeView.swift; sourceTree = "<group>"; };
		DB2F6310292B60AB00D0BFFD /* MainTabView.swift */ = {isa = PBXFileReference; lastKnownFileType = sourcecode.swift; path = MainTabView.swift; sourceTree = "<group>"; };
		DB2F6314292B61D900D0BFFD /* MainMeditationView.swift */ = {isa = PBXFileReference; lastKnownFileType = sourcecode.swift; path = MainMeditationView.swift; sourceTree = "<group>"; };
		DB2F6316292B61E800D0BFFD /* ProfileView.swift */ = {isa = PBXFileReference; lastKnownFileType = sourcecode.swift; path = ProfileView.swift; sourceTree = "<group>"; };
		DB2F6323292B7BBD00D0BFFD /* FocusAndProductivityButtons.swift */ = {isa = PBXFileReference; lastKnownFileType = sourcecode.swift; path = FocusAndProductivityButtons.swift; sourceTree = "<group>"; };
		DB2F6325292B7BD800D0BFFD /* SuperHumanMeditationButtons.swift */ = {isa = PBXFileReference; lastKnownFileType = sourcecode.swift; path = SuperHumanMeditationButtons.swift; sourceTree = "<group>"; };
		DB2F6327292B80B500D0BFFD /* SoundsOfNatureButtons.swift */ = {isa = PBXFileReference; lastKnownFileType = sourcecode.swift; path = SoundsOfNatureButtons.swift; sourceTree = "<group>"; };
		DB2F632C292BA0EA00D0BFFD /* BreathingStatsView.swift */ = {isa = PBXFileReference; lastKnownFileType = sourcecode.swift; path = BreathingStatsView.swift; sourceTree = "<group>"; };
		DB2F633D292BE00C00D0BFFD /* AuthViewModel.swift */ = {isa = PBXFileReference; lastKnownFileType = sourcecode.swift; path = AuthViewModel.swift; sourceTree = "<group>"; };
		DB2F6341292BF73200D0BFFD /* GoogleService-Info.plist */ = {isa = PBXFileReference; fileEncoding = 4; lastKnownFileType = text.plist.xml; name = "GoogleService-Info.plist"; path = "../../../../../Desktop/GoogleService-Info.plist"; sourceTree = "<group>"; };
		DB2F6344292CB17B00D0BFFD /* UserService.swift */ = {isa = PBXFileReference; lastKnownFileType = sourcecode.swift; path = UserService.swift; sourceTree = "<group>"; };
		DB2F6346292CB42900D0BFFD /* UserModel.swift */ = {isa = PBXFileReference; lastKnownFileType = sourcecode.swift; path = UserModel.swift; sourceTree = "<group>"; };
		DB2F6349292CCE6A00D0BFFD /* SplashScreenView.swift */ = {isa = PBXFileReference; lastKnownFileType = sourcecode.swift; path = SplashScreenView.swift; sourceTree = "<group>"; };
		DB2F634C292CD4C000D0BFFD /* LoadingView.swift */ = {isa = PBXFileReference; lastKnownFileType = sourcecode.swift; path = LoadingView.swift; sourceTree = "<group>"; };
		DB2F6357292D113800D0BFFD /* OTPModel.swift */ = {isa = PBXFileReference; lastKnownFileType = sourcecode.swift; path = OTPModel.swift; sourceTree = "<group>"; };
		DB2F635A292D12BF00D0BFFD /* ResetLinkSentView.swift */ = {isa = PBXFileReference; lastKnownFileType = sourcecode.swift; path = ResetLinkSentView.swift; sourceTree = "<group>"; };
		DB2F635D292D5B8B00D0BFFD /* MeditationSettingsSheetView.swift */ = {isa = PBXFileReference; lastKnownFileType = sourcecode.swift; path = MeditationSettingsSheetView.swift; sourceTree = "<group>"; };
		DBD744962927A9220058225A /* Affid.app */ = {isa = PBXFileReference; explicitFileType = wrapper.application; includeInIndex = 0; path = Affid.app; sourceTree = BUILT_PRODUCTS_DIR; };
		DBD744992927A9220058225A /* AffidApp.swift */ = {isa = PBXFileReference; lastKnownFileType = sourcecode.swift; path = AffidApp.swift; sourceTree = "<group>"; };
		DBD7449B2927A9220058225A /* ContentView.swift */ = {isa = PBXFileReference; lastKnownFileType = sourcecode.swift; path = ContentView.swift; sourceTree = "<group>"; };
		DBD7449D2927A9240058225A /* Assets.xcassets */ = {isa = PBXFileReference; lastKnownFileType = folder.assetcatalog; path = Assets.xcassets; sourceTree = "<group>"; };
		DBD744A02927A9240058225A /* Preview Assets.xcassets */ = {isa = PBXFileReference; lastKnownFileType = folder.assetcatalog; path = "Preview Assets.xcassets"; sourceTree = "<group>"; };
		DBD744A22927A9240058225A /* Persistence.swift */ = {isa = PBXFileReference; lastKnownFileType = sourcecode.swift; path = Persistence.swift; sourceTree = "<group>"; };
		DBD744A52927A9240058225A /* Affid.xcdatamodel */ = {isa = PBXFileReference; lastKnownFileType = wrapper.xcdatamodel; path = Affid.xcdatamodel; sourceTree = "<group>"; };
		DBD744B22927AB750058225A /* GetStartedView.swift */ = {isa = PBXFileReference; lastKnownFileType = sourcecode.swift; path = GetStartedView.swift; sourceTree = "<group>"; };
		DBD744B62927B0640058225A /* BlueButton.swift */ = {isa = PBXFileReference; lastKnownFileType = sourcecode.swift; path = BlueButton.swift; sourceTree = "<group>"; };
		DBD744B82927B73B0058225A /* LoginView.swift */ = {isa = PBXFileReference; lastKnownFileType = sourcecode.swift; name = LoginView.swift; path = Affid/Views/Login/LoginView.swift; sourceTree = SOURCE_ROOT; };
		DBD744BB2927B76E0058225A /* ColorData.swift */ = {isa = PBXFileReference; lastKnownFileType = sourcecode.swift; path = ColorData.swift; sourceTree = "<group>"; };
		DBD744C02927BC4B0058225A /* GoogleButton.swift */ = {isa = PBXFileReference; lastKnownFileType = sourcecode.swift; path = GoogleButton.swift; sourceTree = "<group>"; };
		DBD744C22927BFBD0058225A /* Info.plist */ = {isa = PBXFileReference; lastKnownFileType = text.plist; path = Info.plist; sourceTree = "<group>"; };
		DBD744C32927C0930058225A /* AppleButton.swift */ = {isa = PBXFileReference; lastKnownFileType = sourcecode.swift; path = AppleButton.swift; sourceTree = "<group>"; };
		DBD744C82927D2560058225A /* GetStartedCloudsView.swift */ = {isa = PBXFileReference; lastKnownFileType = sourcecode.swift; path = GetStartedCloudsView.swift; sourceTree = "<group>"; };
		DBD744D12927D3930058225A /* LoginExternalPlatformView.swift */ = {isa = PBXFileReference; lastKnownFileType = sourcecode.swift; path = LoginExternalPlatformView.swift; sourceTree = "<group>"; };
		DBD744D32927D3C30058225A /* LoginCloudsView.swift */ = {isa = PBXFileReference; lastKnownFileType = sourcecode.swift; path = LoginCloudsView.swift; sourceTree = "<group>"; };
		DBD744D52927E7AD0058225A /* SignUpView.swift */ = {isa = PBXFileReference; lastKnownFileType = sourcecode.swift; path = SignUpView.swift; sourceTree = "<group>"; };
		DBD744D72927E8950058225A /* SignUpExternalPlatformView.swift */ = {isa = PBXFileReference; lastKnownFileType = sourcecode.swift; path = SignUpExternalPlatformView.swift; sourceTree = "<group>"; };
		DBD744DB2927E9C10058225A /* SignUpPrivacyPolicyRow.swift */ = {isa = PBXFileReference; lastKnownFileType = sourcecode.swift; path = SignUpPrivacyPolicyRow.swift; sourceTree = "<group>"; };
		DBD744DD2927EB4E0058225A /* GetStartedNavigationLinks.swift */ = {isa = PBXFileReference; lastKnownFileType = sourcecode.swift; path = GetStartedNavigationLinks.swift; sourceTree = "<group>"; };
		DBD744E02927F1950058225A /* ResetPasswordView.swift */ = {isa = PBXFileReference; lastKnownFileType = sourcecode.swift; path = ResetPasswordView.swift; sourceTree = "<group>"; };
		DBD744E72927F4E00058225A /* OTPView.swift */ = {isa = PBXFileReference; lastKnownFileType = sourcecode.swift; path = OTPView.swift; sourceTree = "<group>"; };
/* End PBXFileReference section */

/* Begin PBXFrameworksBuildPhase section */
		DBD744932927A9220058225A /* Frameworks */ = {
			isa = PBXFrameworksBuildPhase;
			buildActionMask = 2147483647;
			files = (
				DB2F6350292D006E00D0BFFD /* GoogleSignIn in Frameworks */,
				DB2F6335292BDC7300D0BFFD /* FirebaseAuth in Frameworks */,
				DB2F633B292BDC7300D0BFFD /* FirebaseStorage in Frameworks */,
				DB2F6352292D006E00D0BFFD /* GoogleSignInSwift in Frameworks */,
				DB2F6337292BDC7300D0BFFD /* FirebaseFirestore in Frameworks */,
				DB2F6339292BDC7300D0BFFD /* FirebaseFirestoreSwift in Frameworks */,
			);
			runOnlyForDeploymentPostprocessing = 0;
		};
/* End PBXFrameworksBuildPhase section */

/* Begin PBXGroup section */
		DB2F62F52927F8E800D0BFFD /* New Password */ = {
			isa = PBXGroup;
			children = (
				DB2F62F62927F8F700D0BFFD /* CreateNewPasswordView.swift */,
			);
			path = "New Password";
			sourceTree = "<group>";
		};
		DB2F62FC29295CE500D0BFFD /* Reusables */ = {
			isa = PBXGroup;
			children = (
				DB2F63012929626E00D0BFFD /* TextFields */,
				DBD744B12927AA920058225A /* Buttons */,
			);
			path = Reusables;
			sourceTree = "<group>";
		};
		DB2F63012929626E00D0BFFD /* TextFields */ = {
			isa = PBXGroup;
			children = (
				DB2F6302292962AB00D0BFFD /* CustomTextField.swift */,
				DB2F63042929635E00D0BFFD /* OTPTextField.swift */,
			);
			path = TextFields;
			sourceTree = "<group>";
		};
		DB2F6306292B5C5000D0BFFD /* Home */ = {
			isa = PBXGroup;
			children = (
				DB2F6307292B5C6500D0BFFD /* HomeView.swift */,
			);
			path = Home;
			sourceTree = "<group>";
		};
		DB2F630F292B609B00D0BFFD /* Main Tabview */ = {
			isa = PBXGroup;
			children = (
				DB2F6310292B60AB00D0BFFD /* MainTabView.swift */,
			);
			path = "Main Tabview";
			sourceTree = "<group>";
		};
		DB2F6312292B61B200D0BFFD /* Meditation */ = {
			isa = PBXGroup;
			children = (
				DB2F635C292D5B4C00D0BFFD /* Sheets */,
				DB2F631C292B749800D0BFFD /* Buttons */,
				DB2F6314292B61D900D0BFFD /* MainMeditationView.swift */,
			);
			path = Meditation;
			sourceTree = "<group>";
		};
		DB2F6313292B61CB00D0BFFD /* Profile */ = {
			isa = PBXGroup;
			children = (
				DB2F6329292BA05A00D0BFFD /* Breathing Statistics */,
				DB2F6316292B61E800D0BFFD /* ProfileView.swift */,
			);
			path = Profile;
			sourceTree = "<group>";
		};
		DB2F631C292B749800D0BFFD /* Buttons */ = {
			isa = PBXGroup;
			children = (
				DB2F6325292B7BD800D0BFFD /* SuperHumanMeditationButtons.swift */,
				DB2F6323292B7BBD00D0BFFD /* FocusAndProductivityButtons.swift */,
				DB2F6327292B80B500D0BFFD /* SoundsOfNatureButtons.swift */,
			);
			path = Buttons;
			sourceTree = "<group>";
		};
		DB2F6329292BA05A00D0BFFD /* Breathing Statistics */ = {
			isa = PBXGroup;
			children = (
				DB2F632C292BA0EA00D0BFFD /* BreathingStatsView.swift */,
			);
			path = "Breathing Statistics";
			sourceTree = "<group>";
		};
		DB2F633C292BDFFE00D0BFFD /* Authentication */ = {
			isa = PBXGroup;
			children = (
				DB2F633D292BE00C00D0BFFD /* AuthViewModel.swift */,
			);
			path = Authentication;
			sourceTree = "<group>";
		};
		DB2F6343292CB16200D0BFFD /* Services */ = {
			isa = PBXGroup;
			children = (
				DB2F6344292CB17B00D0BFFD /* UserService.swift */,
			);
			path = Services;
			sourceTree = "<group>";
		};
		DB2F634B292CD4A000D0BFFD /* Loading */ = {
			isa = PBXGroup;
			children = (
				DB2F6349292CCE6A00D0BFFD /* SplashScreenView.swift */,
				DB2F634C292CD4C000D0BFFD /* LoadingView.swift */,
			);
			path = Loading;
			sourceTree = "<group>";
		};
		DB2F6359292D12A700D0BFFD /* Reset Sent */ = {
			isa = PBXGroup;
			children = (
				DB2F635A292D12BF00D0BFFD /* ResetLinkSentView.swift */,
			);
			path = "Reset Sent";
			sourceTree = "<group>";
		};
		DB2F635C292D5B4C00D0BFFD /* Sheets */ = {
			isa = PBXGroup;
			children = (
				DB2F635D292D5B8B00D0BFFD /* MeditationSettingsSheetView.swift */,
			);
			path = Sheets;
			sourceTree = "<group>";
		};
		DBD7448D2927A9220058225A = {
			isa = PBXGroup;
			children = (
				DBD744982927A9220058225A /* Affid */,
				DBD744972927A9220058225A /* Products */,
			);
			sourceTree = "<group>";
		};
		DBD744972927A9220058225A /* Products */ = {
			isa = PBXGroup;
			children = (
				DBD744962927A9220058225A /* Affid.app */,
			);
			name = Products;
			sourceTree = "<group>";
		};
		DBD744982927A9220058225A /* Affid */ = {
			isa = PBXGroup;
			children = (
				DBD744992927A9220058225A /* AffidApp.swift */,
				DBD744C22927BFBD0058225A /* Info.plist */,
				DBD7449D2927A9240058225A /* Assets.xcassets */,
				DB2F6341292BF73200D0BFFD /* GoogleService-Info.plist */,
				DBD7449B2927A9220058225A /* ContentView.swift */,
				DB2F6343292CB16200D0BFFD /* Services */,
				DBD744AC2927AA090058225A /* CoreData */,
				DBD744BA2927B7570058225A /* Data */,
				DBD744AF2927AA1F0058225A /* Models */,
				DBD744AE2927AA130058225A /* ViewModels */,
				DBD744B02927AA260058225A /* Views */,
				DBD7449F2927A9240058225A /* Preview Content */,
			);
			path = Affid;
			sourceTree = "<group>";
		};
		DBD7449F2927A9240058225A /* Preview Content */ = {
			isa = PBXGroup;
			children = (
				DBD744A02927A9240058225A /* Preview Assets.xcassets */,
			);
			path = "Preview Content";
			sourceTree = "<group>";
		};
		DBD744AC2927AA090058225A /* CoreData */ = {
			isa = PBXGroup;
			children = (
				DBD744A22927A9240058225A /* Persistence.swift */,
				DBD744A42927A9240058225A /* Affid.xcdatamodeld */,
			);
			path = CoreData;
			sourceTree = "<group>";
		};
		DBD744AE2927AA130058225A /* ViewModels */ = {
			isa = PBXGroup;
			children = (
				DB2F633C292BDFFE00D0BFFD /* Authentication */,
			);
			path = ViewModels;
			sourceTree = "<group>";
		};
		DBD744AF2927AA1F0058225A /* Models */ = {
			isa = PBXGroup;
			children = (
				DB2F6346292CB42900D0BFFD /* UserModel.swift */,
				DB2F6357292D113800D0BFFD /* OTPModel.swift */,
			);
			path = Models;
			sourceTree = "<group>";
		};
		DBD744B02927AA260058225A /* Views */ = {
			isa = PBXGroup;
			children = (
				DB2F634B292CD4A000D0BFFD /* Loading */,
				DB2F62FC29295CE500D0BFFD /* Reusables */,
				DB2F630F292B609B00D0BFFD /* Main Tabview */,
				DB2F6313292B61CB00D0BFFD /* Profile */,
				DB2F6312292B61B200D0BFFD /* Meditation */,
				DB2F6306292B5C5000D0BFFD /* Home */,
				DBD744DF2927F1830058225A /* Reset Password */,
				DBD744CE2927D2D50058225A /* Sign Up */,
				DBD744CD2927D2D10058225A /* Login */,
				DBD744BD2927B7D40058225A /* Get Started */,
			);
			path = Views;
			sourceTree = "<group>";
		};
		DBD744B12927AA920058225A /* Buttons */ = {
			isa = PBXGroup;
			children = (
				DBD744B62927B0640058225A /* BlueButton.swift */,
				DB2F62F32927F80A00D0BFFD /* BlueButtonSmaller.swift */,
				DBD744C02927BC4B0058225A /* GoogleButton.swift */,
				DBD744C32927C0930058225A /* AppleButton.swift */,
			);
			path = Buttons;
			sourceTree = "<group>";
		};
		DBD744BA2927B7570058225A /* Data */ = {
			isa = PBXGroup;
			children = (
				DBD744BB2927B76E0058225A /* ColorData.swift */,
			);
			path = Data;
			sourceTree = "<group>";
		};
		DBD744BD2927B7D40058225A /* Get Started */ = {
			isa = PBXGroup;
			children = (
				DBD744B22927AB750058225A /* GetStartedView.swift */,
				DBD744C82927D2560058225A /* GetStartedCloudsView.swift */,
				DBD744DD2927EB4E0058225A /* GetStartedNavigationLinks.swift */,
			);
			path = "Get Started";
			sourceTree = "<group>";
		};
		DBD744CD2927D2D10058225A /* Login */ = {
			isa = PBXGroup;
			children = (
				DBD744B82927B73B0058225A /* LoginView.swift */,
				DBD744D12927D3930058225A /* LoginExternalPlatformView.swift */,
				DBD744D32927D3C30058225A /* LoginCloudsView.swift */,
			);
			path = Login;
			sourceTree = "<group>";
		};
		DBD744CE2927D2D50058225A /* Sign Up */ = {
			isa = PBXGroup;
			children = (
				DBD744D52927E7AD0058225A /* SignUpView.swift */,
				DBD744D72927E8950058225A /* SignUpExternalPlatformView.swift */,
				DBD744DB2927E9C10058225A /* SignUpPrivacyPolicyRow.swift */,
			);
			path = "Sign Up";
			sourceTree = "<group>";
		};
		DBD744DF2927F1830058225A /* Reset Password */ = {
			isa = PBXGroup;
			children = (
				DB2F6359292D12A700D0BFFD /* Reset Sent */,
				DB2F62F52927F8E800D0BFFD /* New Password */,
				DBD744E92927F6150058225A /* OTP View */,
				DBD744E02927F1950058225A /* ResetPasswordView.swift */,
			);
			path = "Reset Password";
			sourceTree = "<group>";
		};
		DBD744E92927F6150058225A /* OTP View */ = {
			isa = PBXGroup;
			children = (
				DBD744E72927F4E00058225A /* OTPView.swift */,
			);
			path = "OTP View";
			sourceTree = "<group>";
		};
/* End PBXGroup section */

/* Begin PBXNativeTarget section */
		DBD744952927A9220058225A /* Affid */ = {
			isa = PBXNativeTarget;
			buildConfigurationList = DBD744A92927A9240058225A /* Build configuration list for PBXNativeTarget "Affid" */;
			buildPhases = (
				DBD744922927A9220058225A /* Sources */,
				DBD744932927A9220058225A /* Frameworks */,
				DBD744942927A9220058225A /* Resources */,
			);
			buildRules = (
			);
			dependencies = (
			);
			name = Affid;
			packageProductDependencies = (
				DB2F6334292BDC7300D0BFFD /* FirebaseAuth */,
				DB2F6336292BDC7300D0BFFD /* FirebaseFirestore */,
				DB2F6338292BDC7300D0BFFD /* FirebaseFirestoreSwift */,
				DB2F633A292BDC7300D0BFFD /* FirebaseStorage */,
				DB2F634F292D006E00D0BFFD /* GoogleSignIn */,
				DB2F6351292D006E00D0BFFD /* GoogleSignInSwift */,
			);
			productName = Affid;
			productReference = DBD744962927A9220058225A /* Affid.app */;
			productType = "com.apple.product-type.application";
		};
/* End PBXNativeTarget section */

/* Begin PBXProject section */
		DBD7448E2927A9220058225A /* Project object */ = {
			isa = PBXProject;
			attributes = {
				BuildIndependentTargetsInParallel = 1;
				LastSwiftUpdateCheck = 1410;
				LastUpgradeCheck = 1410;
				TargetAttributes = {
					DBD744952927A9220058225A = {
						CreatedOnToolsVersion = 14.1;
					};
				};
			};
			buildConfigurationList = DBD744912927A9220058225A /* Build configuration list for PBXProject "Affid" */;
			compatibilityVersion = "Xcode 14.0";
			developmentRegion = en;
			hasScannedForEncodings = 0;
			knownRegions = (
				en,
				Base,
			);
			mainGroup = DBD7448D2927A9220058225A;
			packageReferences = (
				DB2F6333292BDC7300D0BFFD /* XCRemoteSwiftPackageReference "firebase-ios-sdk" */,
				DB2F634E292D006E00D0BFFD /* XCRemoteSwiftPackageReference "GoogleSignIn-iOS" */,
			);
			productRefGroup = DBD744972927A9220058225A /* Products */;
			projectDirPath = "";
			projectRoot = "";
			targets = (
				DBD744952927A9220058225A /* Affid */,
			);
		};
/* End PBXProject section */

/* Begin PBXResourcesBuildPhase section */
		DBD744942927A9220058225A /* Resources */ = {
			isa = PBXResourcesBuildPhase;
			buildActionMask = 2147483647;
			files = (
				DBD744A12927A9240058225A /* Preview Assets.xcassets in Resources */,
				DBD7449E2927A9240058225A /* Assets.xcassets in Resources */,
				DB2F6342292BF73200D0BFFD /* GoogleService-Info.plist in Resources */,
			);
			runOnlyForDeploymentPostprocessing = 0;
		};
/* End PBXResourcesBuildPhase section */

/* Begin PBXSourcesBuildPhase section */
		DBD744922927A9220058225A /* Sources */ = {
			isa = PBXSourcesBuildPhase;
			buildActionMask = 2147483647;
			files = (
				DB2F635B292D12BF00D0BFFD /* ResetLinkSentView.swift in Sources */,
				DB2F632D292BA0EA00D0BFFD /* BreathingStatsView.swift in Sources */,
				DB2F6326292B7BD800D0BFFD /* SuperHumanMeditationButtons.swift in Sources */,
				DB2F635E292D5B8B00D0BFFD /* MeditationSettingsSheetView.swift in Sources */,
				DBD744E82927F4E00058225A /* OTPView.swift in Sources */,
				DB2F6317292B61E800D0BFFD /* ProfileView.swift in Sources */,
				DBD744A62927A9240058225A /* Affid.xcdatamodeld in Sources */,
				DBD744DC2927E9C10058225A /* SignUpPrivacyPolicyRow.swift in Sources */,
				DBD744B92927B73B0058225A /* LoginView.swift in Sources */,
				DB2F634A292CCE6A00D0BFFD /* SplashScreenView.swift in Sources */,
				DBD744A32927A9240058225A /* Persistence.swift in Sources */,
				DB2F6347292CB42900D0BFFD /* UserModel.swift in Sources */,
				DBD744BC2927B76E0058225A /* ColorData.swift in Sources */,
				DBD744C42927C0930058225A /* AppleButton.swift in Sources */,
				DBD744E12927F1950058225A /* ResetPasswordView.swift in Sources */,
				DBD744C12927BC4B0058225A /* GoogleButton.swift in Sources */,
				DB2F633E292BE00C00D0BFFD /* AuthViewModel.swift in Sources */,
				DB2F6315292B61D900D0BFFD /* MainMeditationView.swift in Sources */,
				DBD744D22927D3930058225A /* LoginExternalPlatformView.swift in Sources */,
				DB2F634D292CD4C000D0BFFD /* LoadingView.swift in Sources */,
				DBD744D42927D3C30058225A /* LoginCloudsView.swift in Sources */,
				DBD744D82927E8950058225A /* SignUpExternalPlatformView.swift in Sources */,
				DB2F6345292CB17B00D0BFFD /* UserService.swift in Sources */,
				DBD744C92927D2560058225A /* GetStartedCloudsView.swift in Sources */,
				DBD7449C2927A9220058225A /* ContentView.swift in Sources */,
				DBD7449A2927A9220058225A /* AffidApp.swift in Sources */,
				DBD744B32927AB750058225A /* GetStartedView.swift in Sources */,
				DBD744D62927E7AE0058225A /* SignUpView.swift in Sources */,
				DBD744B72927B0640058225A /* BlueButton.swift in Sources */,
				DB2F6303292962AB00D0BFFD /* CustomTextField.swift in Sources */,
				DB2F6311292B60AB00D0BFFD /* MainTabView.swift in Sources */,
				DB2F6328292B80B500D0BFFD /* SoundsOfNatureButtons.swift in Sources */,
				DB2F62F42927F80A00D0BFFD /* BlueButtonSmaller.swift in Sources */,
				DB2F6324292B7BBD00D0BFFD /* FocusAndProductivityButtons.swift in Sources */,
				DBD744DE2927EB4E0058225A /* GetStartedNavigationLinks.swift in Sources */,
				DB2F6308292B5C6500D0BFFD /* HomeView.swift in Sources */,
				DB2F6358292D113800D0BFFD /* OTPModel.swift in Sources */,
				DB2F62F72927F8F700D0BFFD /* CreateNewPasswordView.swift in Sources */,
				DB2F63052929635E00D0BFFD /* OTPTextField.swift in Sources */,
			);
			runOnlyForDeploymentPostprocessing = 0;
		};
/* End PBXSourcesBuildPhase section */

/* Begin XCBuildConfiguration section */
		DBD744A72927A9240058225A /* Debug */ = {
			isa = XCBuildConfiguration;
			buildSettings = {
				ALWAYS_SEARCH_USER_PATHS = NO;
				CLANG_ANALYZER_NONNULL = YES;
				CLANG_ANALYZER_NUMBER_OBJECT_CONVERSION = YES_AGGRESSIVE;
				CLANG_CXX_LANGUAGE_STANDARD = "gnu++20";
				CLANG_ENABLE_MODULES = YES;
				CLANG_ENABLE_OBJC_ARC = YES;
				CLANG_ENABLE_OBJC_WEAK = YES;
				CLANG_WARN_BLOCK_CAPTURE_AUTORELEASING = YES;
				CLANG_WARN_BOOL_CONVERSION = YES;
				CLANG_WARN_COMMA = YES;
				CLANG_WARN_CONSTANT_CONVERSION = YES;
				CLANG_WARN_DEPRECATED_OBJC_IMPLEMENTATIONS = YES;
				CLANG_WARN_DIRECT_OBJC_ISA_USAGE = YES_ERROR;
				CLANG_WARN_DOCUMENTATION_COMMENTS = YES;
				CLANG_WARN_EMPTY_BODY = YES;
				CLANG_WARN_ENUM_CONVERSION = YES;
				CLANG_WARN_INFINITE_RECURSION = YES;
				CLANG_WARN_INT_CONVERSION = YES;
				CLANG_WARN_NON_LITERAL_NULL_CONVERSION = YES;
				CLANG_WARN_OBJC_IMPLICIT_RETAIN_SELF = YES;
				CLANG_WARN_OBJC_LITERAL_CONVERSION = YES;
				CLANG_WARN_OBJC_ROOT_CLASS = YES_ERROR;
				CLANG_WARN_QUOTED_INCLUDE_IN_FRAMEWORK_HEADER = YES;
				CLANG_WARN_RANGE_LOOP_ANALYSIS = YES;
				CLANG_WARN_STRICT_PROTOTYPES = YES;
				CLANG_WARN_SUSPICIOUS_MOVE = YES;
				CLANG_WARN_UNGUARDED_AVAILABILITY = YES_AGGRESSIVE;
				CLANG_WARN_UNREACHABLE_CODE = YES;
				CLANG_WARN__DUPLICATE_METHOD_MATCH = YES;
				COPY_PHASE_STRIP = NO;
				DEBUG_INFORMATION_FORMAT = dwarf;
				ENABLE_STRICT_OBJC_MSGSEND = YES;
				ENABLE_TESTABILITY = YES;
				GCC_C_LANGUAGE_STANDARD = gnu11;
				GCC_DYNAMIC_NO_PIC = NO;
				GCC_NO_COMMON_BLOCKS = YES;
				GCC_OPTIMIZATION_LEVEL = 0;
				GCC_PREPROCESSOR_DEFINITIONS = (
					"DEBUG=1",
					"$(inherited)",
				);
				GCC_WARN_64_TO_32_BIT_CONVERSION = YES;
				GCC_WARN_ABOUT_RETURN_TYPE = YES_ERROR;
				GCC_WARN_UNDECLARED_SELECTOR = YES;
				GCC_WARN_UNINITIALIZED_AUTOS = YES_AGGRESSIVE;
				GCC_WARN_UNUSED_FUNCTION = YES;
				GCC_WARN_UNUSED_VARIABLE = YES;
				IPHONEOS_DEPLOYMENT_TARGET = 16.1;
				MTL_ENABLE_DEBUG_INFO = INCLUDE_SOURCE;
				MTL_FAST_MATH = YES;
				ONLY_ACTIVE_ARCH = YES;
				SDKROOT = iphoneos;
				SWIFT_ACTIVE_COMPILATION_CONDITIONS = DEBUG;
				SWIFT_OPTIMIZATION_LEVEL = "-Onone";
			};
			name = Debug;
		};
		DBD744A82927A9240058225A /* Release */ = {
			isa = XCBuildConfiguration;
			buildSettings = {
				ALWAYS_SEARCH_USER_PATHS = NO;
				CLANG_ANALYZER_NONNULL = YES;
				CLANG_ANALYZER_NUMBER_OBJECT_CONVERSION = YES_AGGRESSIVE;
				CLANG_CXX_LANGUAGE_STANDARD = "gnu++20";
				CLANG_ENABLE_MODULES = YES;
				CLANG_ENABLE_OBJC_ARC = YES;
				CLANG_ENABLE_OBJC_WEAK = YES;
				CLANG_WARN_BLOCK_CAPTURE_AUTORELEASING = YES;
				CLANG_WARN_BOOL_CONVERSION = YES;
				CLANG_WARN_COMMA = YES;
				CLANG_WARN_CONSTANT_CONVERSION = YES;
				CLANG_WARN_DEPRECATED_OBJC_IMPLEMENTATIONS = YES;
				CLANG_WARN_DIRECT_OBJC_ISA_USAGE = YES_ERROR;
				CLANG_WARN_DOCUMENTATION_COMMENTS = YES;
				CLANG_WARN_EMPTY_BODY = YES;
				CLANG_WARN_ENUM_CONVERSION = YES;
				CLANG_WARN_INFINITE_RECURSION = YES;
				CLANG_WARN_INT_CONVERSION = YES;
				CLANG_WARN_NON_LITERAL_NULL_CONVERSION = YES;
				CLANG_WARN_OBJC_IMPLICIT_RETAIN_SELF = YES;
				CLANG_WARN_OBJC_LITERAL_CONVERSION = YES;
				CLANG_WARN_OBJC_ROOT_CLASS = YES_ERROR;
				CLANG_WARN_QUOTED_INCLUDE_IN_FRAMEWORK_HEADER = YES;
				CLANG_WARN_RANGE_LOOP_ANALYSIS = YES;
				CLANG_WARN_STRICT_PROTOTYPES = YES;
				CLANG_WARN_SUSPICIOUS_MOVE = YES;
				CLANG_WARN_UNGUARDED_AVAILABILITY = YES_AGGRESSIVE;
				CLANG_WARN_UNREACHABLE_CODE = YES;
				CLANG_WARN__DUPLICATE_METHOD_MATCH = YES;
				COPY_PHASE_STRIP = NO;
				DEBUG_INFORMATION_FORMAT = "dwarf-with-dsym";
				ENABLE_NS_ASSERTIONS = NO;
				ENABLE_STRICT_OBJC_MSGSEND = YES;
				GCC_C_LANGUAGE_STANDARD = gnu11;
				GCC_NO_COMMON_BLOCKS = YES;
				GCC_WARN_64_TO_32_BIT_CONVERSION = YES;
				GCC_WARN_ABOUT_RETURN_TYPE = YES_ERROR;
				GCC_WARN_UNDECLARED_SELECTOR = YES;
				GCC_WARN_UNINITIALIZED_AUTOS = YES_AGGRESSIVE;
				GCC_WARN_UNUSED_FUNCTION = YES;
				GCC_WARN_UNUSED_VARIABLE = YES;
				IPHONEOS_DEPLOYMENT_TARGET = 16.1;
				MTL_ENABLE_DEBUG_INFO = NO;
				MTL_FAST_MATH = YES;
				SDKROOT = iphoneos;
				SWIFT_COMPILATION_MODE = wholemodule;
				SWIFT_OPTIMIZATION_LEVEL = "-O";
				VALIDATE_PRODUCT = YES;
			};
			name = Release;
		};
		DBD744AA2927A9240058225A /* Debug */ = {
			isa = XCBuildConfiguration;
			buildSettings = {
				ASSETCATALOG_COMPILER_APPICON_NAME = AppIcon;
				ASSETCATALOG_COMPILER_GLOBAL_ACCENT_COLOR_NAME = AccentColor;
				CODE_SIGN_STYLE = Automatic;
				CURRENT_PROJECT_VERSION = 1;
				DEVELOPMENT_ASSET_PATHS = "\"Affid/Preview Content\"";
				DEVELOPMENT_TEAM = M46F4B7U6P;
				ENABLE_PREVIEWS = YES;
				GENERATE_INFOPLIST_FILE = YES;
				INFOPLIST_FILE = Affid/Info.plist;
				INFOPLIST_KEY_UIApplicationSceneManifest_Generation = YES;
				INFOPLIST_KEY_UIApplicationSupportsIndirectInputEvents = YES;
				INFOPLIST_KEY_UILaunchScreen_Generation = YES;
				INFOPLIST_KEY_UIStatusBarStyle = UIStatusBarStyleLightContent;
				INFOPLIST_KEY_UISupportedInterfaceOrientations_iPad = "UIInterfaceOrientationPortrait UIInterfaceOrientationPortraitUpsideDown UIInterfaceOrientationLandscapeLeft UIInterfaceOrientationLandscapeRight";
				INFOPLIST_KEY_UISupportedInterfaceOrientations_iPhone = "UIInterfaceOrientationPortrait UIInterfaceOrientationLandscapeLeft UIInterfaceOrientationLandscapeRight";
				LD_RUNPATH_SEARCH_PATHS = (
					"$(inherited)",
					"@executable_path/Frameworks",
				);
				MARKETING_VERSION = 1.0;
				PRODUCT_BUNDLE_IDENTIFIER = "mada20sv-ju.dmp.2022.Affid";
				PRODUCT_NAME = "$(TARGET_NAME)";
				SWIFT_EMIT_LOC_STRINGS = YES;
				SWIFT_VERSION = 5.0;
				TARGETED_DEVICE_FAMILY = "1,2";
			};
			name = Debug;
		};
		DBD744AB2927A9240058225A /* Release */ = {
			isa = XCBuildConfiguration;
			buildSettings = {
				ASSETCATALOG_COMPILER_APPICON_NAME = AppIcon;
				ASSETCATALOG_COMPILER_GLOBAL_ACCENT_COLOR_NAME = AccentColor;
				CODE_SIGN_STYLE = Automatic;
				CURRENT_PROJECT_VERSION = 1;
				DEVELOPMENT_ASSET_PATHS = "\"Affid/Preview Content\"";
				DEVELOPMENT_TEAM = M46F4B7U6P;
				ENABLE_PREVIEWS = YES;
				GENERATE_INFOPLIST_FILE = YES;
				INFOPLIST_FILE = Affid/Info.plist;
				INFOPLIST_KEY_UIApplicationSceneManifest_Generation = YES;
				INFOPLIST_KEY_UIApplicationSupportsIndirectInputEvents = YES;
				INFOPLIST_KEY_UILaunchScreen_Generation = YES;
				INFOPLIST_KEY_UIStatusBarStyle = UIStatusBarStyleLightContent;
				INFOPLIST_KEY_UISupportedInterfaceOrientations_iPad = "UIInterfaceOrientationPortrait UIInterfaceOrientationPortraitUpsideDown UIInterfaceOrientationLandscapeLeft UIInterfaceOrientationLandscapeRight";
				INFOPLIST_KEY_UISupportedInterfaceOrientations_iPhone = "UIInterfaceOrientationPortrait UIInterfaceOrientationLandscapeLeft UIInterfaceOrientationLandscapeRight";
				LD_RUNPATH_SEARCH_PATHS = (
					"$(inherited)",
					"@executable_path/Frameworks",
				);
				MARKETING_VERSION = 1.0;
				PRODUCT_BUNDLE_IDENTIFIER = "mada20sv-ju.dmp.2022.Affid";
				PRODUCT_NAME = "$(TARGET_NAME)";
				SWIFT_EMIT_LOC_STRINGS = YES;
				SWIFT_VERSION = 5.0;
				TARGETED_DEVICE_FAMILY = "1,2";
			};
			name = Release;
		};
/* End XCBuildConfiguration section */

/* Begin XCConfigurationList section */
		DBD744912927A9220058225A /* Build configuration list for PBXProject "Affid" */ = {
			isa = XCConfigurationList;
			buildConfigurations = (
				DBD744A72927A9240058225A /* Debug */,
				DBD744A82927A9240058225A /* Release */,
			);
			defaultConfigurationIsVisible = 0;
			defaultConfigurationName = Release;
		};
		DBD744A92927A9240058225A /* Build configuration list for PBXNativeTarget "Affid" */ = {
			isa = XCConfigurationList;
			buildConfigurations = (
				DBD744AA2927A9240058225A /* Debug */,
				DBD744AB2927A9240058225A /* Release */,
			);
			defaultConfigurationIsVisible = 0;
			defaultConfigurationName = Release;
		};
/* End XCConfigurationList section */

/* Begin XCRemoteSwiftPackageReference section */
		DB2F6333292BDC7300D0BFFD /* XCRemoteSwiftPackageReference "firebase-ios-sdk" */ = {
			isa = XCRemoteSwiftPackageReference;
			repositoryURL = "https://github.com/firebase/firebase-ios-sdk";
			requirement = {
				kind = upToNextMajorVersion;
				minimumVersion = 9.0.0;
			};
		};
		DB2F634E292D006E00D0BFFD /* XCRemoteSwiftPackageReference "GoogleSignIn-iOS" */ = {
			isa = XCRemoteSwiftPackageReference;
			repositoryURL = "https://github.com/google/GoogleSignIn-iOS";
			requirement = {
				kind = upToNextMajorVersion;
				minimumVersion = 6.0.0;
			};
		};
/* End XCRemoteSwiftPackageReference section */

/* Begin XCSwiftPackageProductDependency section */
		DB2F6334292BDC7300D0BFFD /* FirebaseAuth */ = {
			isa = XCSwiftPackageProductDependency;
			package = DB2F6333292BDC7300D0BFFD /* XCRemoteSwiftPackageReference "firebase-ios-sdk" */;
			productName = FirebaseAuth;
		};
		DB2F6336292BDC7300D0BFFD /* FirebaseFirestore */ = {
			isa = XCSwiftPackageProductDependency;
			package = DB2F6333292BDC7300D0BFFD /* XCRemoteSwiftPackageReference "firebase-ios-sdk" */;
			productName = FirebaseFirestore;
		};
		DB2F6338292BDC7300D0BFFD /* FirebaseFirestoreSwift */ = {
			isa = XCSwiftPackageProductDependency;
			package = DB2F6333292BDC7300D0BFFD /* XCRemoteSwiftPackageReference "firebase-ios-sdk" */;
			productName = FirebaseFirestoreSwift;
		};
		DB2F633A292BDC7300D0BFFD /* FirebaseStorage */ = {
			isa = XCSwiftPackageProductDependency;
			package = DB2F6333292BDC7300D0BFFD /* XCRemoteSwiftPackageReference "firebase-ios-sdk" */;
			productName = FirebaseStorage;
		};
		DB2F634F292D006E00D0BFFD /* GoogleSignIn */ = {
			isa = XCSwiftPackageProductDependency;
			package = DB2F634E292D006E00D0BFFD /* XCRemoteSwiftPackageReference "GoogleSignIn-iOS" */;
			productName = GoogleSignIn;
		};
		DB2F6351292D006E00D0BFFD /* GoogleSignInSwift */ = {
			isa = XCSwiftPackageProductDependency;
			package = DB2F634E292D006E00D0BFFD /* XCRemoteSwiftPackageReference "GoogleSignIn-iOS" */;
			productName = GoogleSignInSwift;
		};
/* End XCSwiftPackageProductDependency section */

/* Begin XCVersionGroup section */
		DBD744A42927A9240058225A /* Affid.xcdatamodeld */ = {
			isa = XCVersionGroup;
			children = (
				DBD744A52927A9240058225A /* Affid.xcdatamodel */,
			);
			currentVersion = DBD744A52927A9240058225A /* Affid.xcdatamodel */;
			path = Affid.xcdatamodeld;
			sourceTree = "<group>";
			versionGroupType = wrapper.xcdatamodel;
		};
/* End XCVersionGroup section */
	};
	rootObject = DBD7448E2927A9220058225A /* Project object */;
}
